Microsoft Visual Studio Solution File, Format Version 12.00
# Visual Studio 15
Project("{8BC9CEB8-8B4A-11D0-8D11-00A0C91BC942}") = "ALL_BUILD", "ALL_BUILD.vcxproj", "{5B7241F5-86AA-3757-87B6-FB09EBD720B6}"
	ProjectSection(ProjectDependencies) = postProject
		{23F84D8F-71C0-34FB-883F-FFDECCE0F41E} = {23F84D8F-71C0-34FB-883F-FFDECCE0F41E}
		{D3A4A45B-E57F-3BAC-9217-6811575F9D14} = {D3A4A45B-E57F-3BAC-9217-6811575F9D14}
	EndProjectSection
EndProject
Project("{8BC9CEB8-8B4A-11D0-8D11-00A0C91BC942}") = "RubeusCore", "RubeusCore\RubeusCore.vcxproj", "{23F84D8F-71C0-34FB-883F-FFDECCE0F41E}"
	ProjectSection(ProjectDependencies) = postProject
		{D3A4A45B-E57F-3BAC-9217-6811575F9D14} = {D3A4A45B-E57F-3BAC-9217-6811575F9D14}
	EndProjectSection
EndProject
Project("{8BC9CEB8-8B4A-11D0-8D11-00A0C91BC942}") = "ZERO_CHECK", "ZERO_CHECK.vcxproj", "{D3A4A45B-E57F-3BAC-9217-6811575F9D14}"
	ProjectSection(ProjectDependencies) = postProject
	EndProjectSection
EndProject
Global
	GlobalSection(SolutionConfigurationPlatforms) = preSolution
		Debug|Win32 = Debug|Win32
		Release|Win32 = Release|Win32
		MinSizeRel|Win32 = MinSizeRel|Win32
		RelWithDebInfo|Win32 = RelWithDebInfo|Win32
	EndGlobalSection
	GlobalSection(ProjectConfigurationPlatforms) = postSolution
		{5B7241F5-86AA-3757-87B6-FB09EBD720B6}.Debug|Win32.ActiveCfg = Debug|Win32
		{5B7241F5-86AA-3757-87B6-FB09EBD720B6}.Release|Win32.ActiveCfg = Release|Win32
		{5B7241F5-86AA-3757-87B6-FB09EBD720B6}.MinSizeRel|Win32.ActiveCfg = MinSizeRel|Win32
		{5B7241F5-86AA-3757-87B6-FB09EBD720B6}.RelWithDebInfo|Win32.ActiveCfg = RelWithDebInfo|Win32
		{23F84D8F-71C0-34FB-883F-FFDECCE0F41E}.Debug|Win32.ActiveCfg = Debug|Win32
		{23F84D8F-71C0-34FB-883F-FFDECCE0F41E}.Debug|Win32.Build.0 = Debug|Win32
		{23F84D8F-71C0-34FB-883F-FFDECCE0F41E}.Release|Win32.ActiveCfg = Release|Win32
		{23F84D8F-71C0-34FB-883F-FFDECCE0F41E}.Release|Win32.Build.0 = Release|Win32
		{23F84D8F-71C0-34FB-883F-FFDECCE0F41E}.MinSizeRel|Win32.ActiveCfg = MinSizeRel|Win32
		{23F84D8F-71C0-34FB-883F-FFDECCE0F41E}.MinSizeRel|Win32.Build.0 = MinSizeRel|Win32
		{23F84D8F-71C0-34FB-883F-FFDECCE0F41E}.RelWithDebInfo|Win32.ActiveCfg = RelWithDebInfo|Win32
		{23F84D8F-71C0-34FB-883F-FFDECCE0F41E}.RelWithDebInfo|Win32.Build.0 = RelWithDebInfo|Win32
		{D3A4A45B-E57F-3BAC-9217-6811575F9D14}.Debug|Win32.ActiveCfg = Debug|Win32
		{D3A4A45B-E57F-3BAC-9217-6811575F9D14}.Debug|Win32.Build.0 = Debug|Win32
		{D3A4A45B-E57F-3BAC-9217-6811575F9D14}.Release|Win32.ActiveCfg = Release|Win32
		{D3A4A45B-E57F-3BAC-9217-6811575F9D14}.Release|Win32.Build.0 = Release|Win32
		{D3A4A45B-E57F-3BAC-9217-6811575F9D14}.MinSizeRel|Win32.ActiveCfg = MinSizeRel|Win32
		{D3A4A45B-E57F-3BAC-9217-6811575F9D14}.MinSizeRel|Win32.Build.0 = MinSizeRel|Win32
		{D3A4A45B-E57F-3BAC-9217-6811575F9D14}.RelWithDebInfo|Win32.ActiveCfg = RelWithDebInfo|Win32
		{D3A4A45B-E57F-3BAC-9217-6811575F9D14}.RelWithDebInfo|Win32.Build.0 = RelWithDebInfo|Win32
	EndGlobalSection
	GlobalSection(ExtensibilityGlobals) = postSolution
		SolutionGuid = {317DE82C-2B0C-32BC-9B81-26A492A5815C}
	EndGlobalSection
	GlobalSection(ExtensibilityAddIns) = postSolution
	EndGlobalSection
EndGlobal
