<?xml version="1.0" encoding="UTF-8"?>
<CodeBlocks_project_file>
	<FileVersion major="1" minor="6"/>
	<Project>
		<Option title="RubeusCore"/>
		<Option makefile_is_custom="1"/>
		<Option compiler="gcc"/>
		<Option virtualFolders="CMake Files\;CMake Files\RubeusCore\;"/>
		<Build>
			<Target title="all">
				<Option working_dir="/home/serious/Desktop/SDSLabs/Rubeus"/>
				<Option type="4"/>
				<MakeCommands>
					<Build command="/usr/local/bin/make -j8 -f &quot;/home/serious/Desktop/SDSLabs/Rubeus/Makefile&quot;  VERBOSE=1 all"/>
					<CompileFile command="/usr/local/bin/make -j8 -f &quot;/home/serious/Desktop/SDSLabs/Rubeus/Makefile&quot;  VERBOSE=1 &quot;$file&quot;"/>
					<Clean command="/usr/local/bin/make -j8 -f &quot;/home/serious/Desktop/SDSLabs/Rubeus/Makefile&quot;  VERBOSE=1 clean"/>
					<DistClean command="/usr/local/bin/make -j8 -f &quot;/home/serious/Desktop/SDSLabs/Rubeus/Makefile&quot;  VERBOSE=1 clean"/>
				</MakeCommands>
			</Target>
			<Target title="rebuild_cache">
				<Option working_dir="/home/serious/Desktop/SDSLabs/Rubeus"/>
				<Option type="4"/>
				<MakeCommands>
					<Build command="/usr/local/bin/make -j8 -f &quot;/home/serious/Desktop/SDSLabs/Rubeus/Makefile&quot;  VERBOSE=1 rebuild_cache"/>
					<CompileFile command="/usr/local/bin/make -j8 -f &quot;/home/serious/Desktop/SDSLabs/Rubeus/Makefile&quot;  VERBOSE=1 &quot;$file&quot;"/>
					<Clean command="/usr/local/bin/make -j8 -f &quot;/home/serious/Desktop/SDSLabs/Rubeus/Makefile&quot;  VERBOSE=1 clean"/>
					<DistClean command="/usr/local/bin/make -j8 -f &quot;/home/serious/Desktop/SDSLabs/Rubeus/Makefile&quot;  VERBOSE=1 clean"/>
				</MakeCommands>
			</Target>
			<Target title="edit_cache">
				<Option working_dir="/home/serious/Desktop/SDSLabs/Rubeus"/>
				<Option type="4"/>
				<MakeCommands>
					<Build command="/usr/local/bin/make -j8 -f &quot;/home/serious/Desktop/SDSLabs/Rubeus/Makefile&quot;  VERBOSE=1 edit_cache"/>
					<CompileFile command="/usr/local/bin/make -j8 -f &quot;/home/serious/Desktop/SDSLabs/Rubeus/Makefile&quot;  VERBOSE=1 &quot;$file&quot;"/>
					<Clean command="/usr/local/bin/make -j8 -f &quot;/home/serious/Desktop/SDSLabs/Rubeus/Makefile&quot;  VERBOSE=1 clean"/>
					<DistClean command="/usr/local/bin/make -j8 -f &quot;/home/serious/Desktop/SDSLabs/Rubeus/Makefile&quot;  VERBOSE=1 clean"/>
				</MakeCommands>
			</Target>
			<Target title="RubeusCore">
				<Option output="/home/serious/Desktop/SDSLabs/Rubeus/RubeusCore/RubeusCore" prefix_auto="0" extension_auto="0"/>
				<Option working_dir="/home/serious/Desktop/SDSLabs/Rubeus/RubeusCore"/>
				<Option object_output="./"/>
				<Option type="1"/>
				<Option compiler="gcc"/>
				<Compiler>
					<Add option="-DVLD"/>
					<Add directory="/home/serious/Desktop/SDSLabs/Rubeus/RubeusCore/./Include"/>
					<Add directory="/usr/include/c++/7"/>
					<Add directory="/usr/include/x86_64-linux-gnu/c++/7"/>
					<Add directory="/usr/include/c++/7/backward"/>
					<Add directory="/usr/lib/gcc/x86_64-linux-gnu/7/include"/>
					<Add directory="/usr/local/include"/>
					<Add directory="/usr/lib/gcc/x86_64-linux-gnu/7/include-fixed"/>
					<Add directory="/usr/include/x86_64-linux-gnu"/>
					<Add directory="/usr/include"/>
				</Compiler>
				<MakeCommands>
					<Build command="/usr/local/bin/make -j8 -f &quot;/home/serious/Desktop/SDSLabs/Rubeus/RubeusCore/Makefile&quot;  VERBOSE=1 RubeusCore"/>
					<CompileFile command="/usr/local/bin/make -j8 -f &quot;/home/serious/Desktop/SDSLabs/Rubeus/RubeusCore/Makefile&quot;  VERBOSE=1 &quot;$file&quot;"/>
					<Clean command="/usr/local/bin/make -j8 -f &quot;/home/serious/Desktop/SDSLabs/Rubeus/RubeusCore/Makefile&quot;  VERBOSE=1 clean"/>
					<DistClean command="/usr/local/bin/make -j8 -f &quot;/home/serious/Desktop/SDSLabs/Rubeus/RubeusCore/Makefile&quot;  VERBOSE=1 clean"/>
				</MakeCommands>
			</Target>
			<Target title="RubeusCore/fast">
				<Option output="/home/serious/Desktop/SDSLabs/Rubeus/RubeusCore/RubeusCore" prefix_auto="0" extension_auto="0"/>
				<Option working_dir="/home/serious/Desktop/SDSLabs/Rubeus/RubeusCore"/>
				<Option object_output="./"/>
				<Option type="1"/>
				<Option compiler="gcc"/>
				<Compiler>
					<Add option="-DVLD"/>
					<Add directory="/home/serious/Desktop/SDSLabs/Rubeus/RubeusCore/./Include"/>
					<Add directory="/usr/include/c++/7"/>
					<Add directory="/usr/include/x86_64-linux-gnu/c++/7"/>
					<Add directory="/usr/include/c++/7/backward"/>
					<Add directory="/usr/lib/gcc/x86_64-linux-gnu/7/include"/>
					<Add directory="/usr/local/include"/>
					<Add directory="/usr/lib/gcc/x86_64-linux-gnu/7/include-fixed"/>
					<Add directory="/usr/include/x86_64-linux-gnu"/>
					<Add directory="/usr/include"/>
				</Compiler>
				<MakeCommands>
					<Build command="/usr/local/bin/make -j8 -f &quot;/home/serious/Desktop/SDSLabs/Rubeus/RubeusCore/Makefile&quot;  VERBOSE=1 RubeusCore/fast"/>
					<CompileFile command="/usr/local/bin/make -j8 -f &quot;/home/serious/Desktop/SDSLabs/Rubeus/RubeusCore/Makefile&quot;  VERBOSE=1 &quot;$file&quot;"/>
					<Clean command="/usr/local/bin/make -j8 -f &quot;/home/serious/Desktop/SDSLabs/Rubeus/RubeusCore/Makefile&quot;  VERBOSE=1 clean"/>
					<DistClean command="/usr/local/bin/make -j8 -f &quot;/home/serious/Desktop/SDSLabs/Rubeus/RubeusCore/Makefile&quot;  VERBOSE=1 clean"/>
				</MakeCommands>
			</Target>
		</Build>
		<Unit filename="/home/serious/Desktop/SDSLabs/Rubeus/RubeusCore/RubeusCore.cpp">
			<Option target="RubeusCore"/>
		</Unit>
		<Unit filename="/home/serious/Desktop/SDSLabs/Rubeus/RubeusCore/RubeusCore.h">
			<Option target="RubeusCore"/>
		</Unit>
		<Unit filename="/home/serious/Desktop/SDSLabs/Rubeus/RubeusCore/Source/audio_manager_component.cpp">
			<Option target="RubeusCore"/>
		</Unit>
		<Unit filename="/home/serious/Desktop/SDSLabs/Rubeus/RubeusCore/Source/buffer_object.cpp">
			<Option target="RubeusCore"/>
		</Unit>
		<Unit filename="/home/serious/Desktop/SDSLabs/Rubeus/RubeusCore/Source/group_object.cpp">
			<Option target="RubeusCore"/>
		</Unit>
		<Unit filename="/home/serious/Desktop/SDSLabs/Rubeus/RubeusCore/Source/guerrilla_renderer_component.cpp">
			<Option target="RubeusCore"/>
		</Unit>
		<Unit filename="/home/serious/Desktop/SDSLabs/Rubeus/RubeusCore/Source/image_object.cpp">
			<Option target="RubeusCore"/>
		</Unit>
		<Unit filename="/home/serious/Desktop/SDSLabs/Rubeus/RubeusCore/Source/index_buffer_object.cpp">
			<Option target="RubeusCore"/>
		</Unit>
		<Unit filename="/home/serious/Desktop/SDSLabs/Rubeus/RubeusCore/Source/input_component.cpp">
			<Option target="RubeusCore"/>
		</Unit>
		<Unit filename="/home/serious/Desktop/SDSLabs/Rubeus/RubeusCore/Source/layer_composition_object.cpp">
			<Option target="RubeusCore"/>
		</Unit>
		<Unit filename="/home/serious/Desktop/SDSLabs/Rubeus/RubeusCore/Source/loader_component.cpp">
			<Option target="RubeusCore"/>
		</Unit>
		<Unit filename="/home/serious/Desktop/SDSLabs/Rubeus/RubeusCore/Source/logger_component.cpp">
			<Option target="RubeusCore"/>
		</Unit>
		<Unit filename="/home/serious/Desktop/SDSLabs/Rubeus/RubeusCore/Source/master_component.cpp">
			<Option target="RubeusCore"/>
		</Unit>
		<Unit filename="/home/serious/Desktop/SDSLabs/Rubeus/RubeusCore/Source/message_bus.cpp">
			<Option target="RubeusCore"/>
		</Unit>
		<Unit filename="/home/serious/Desktop/SDSLabs/Rubeus/RubeusCore/Source/message_object.cpp">
			<Option target="RubeusCore"/>
		</Unit>
		<Unit filename="/home/serious/Desktop/SDSLabs/Rubeus/RubeusCore/Source/message_system.cpp">
			<Option target="RubeusCore"/>
		</Unit>
		<Unit filename="/home/serious/Desktop/SDSLabs/Rubeus/RubeusCore/Source/renderable_object.cpp">
			<Option target="RubeusCore"/>
		</Unit>
		<Unit filename="/home/serious/Desktop/SDSLabs/Rubeus/RubeusCore/Source/rubeus_maths_library.cpp">
			<Option target="RubeusCore"/>
		</Unit>
		<Unit filename="/home/serious/Desktop/SDSLabs/Rubeus/RubeusCore/Source/shader_component.cpp">
			<Option target="RubeusCore"/>
		</Unit>
		<Unit filename="/home/serious/Desktop/SDSLabs/Rubeus/RubeusCore/Source/simple_renderer_component.cpp">
			<Option target="RubeusCore"/>
		</Unit>
		<Unit filename="/home/serious/Desktop/SDSLabs/Rubeus/RubeusCore/Source/sprite_object.cpp">
			<Option target="RubeusCore"/>
		</Unit>
		<Unit filename="/home/serious/Desktop/SDSLabs/Rubeus/RubeusCore/Source/static_layer_object.cpp">
			<Option target="RubeusCore"/>
		</Unit>
		<Unit filename="/home/serious/Desktop/SDSLabs/Rubeus/RubeusCore/Source/static_sprite_object.cpp">
			<Option target="RubeusCore"/>
		</Unit>
		<Unit filename="/home/serious/Desktop/SDSLabs/Rubeus/RubeusCore/Source/texture_object.cpp">
			<Option target="RubeusCore"/>
		</Unit>
		<Unit filename="/home/serious/Desktop/SDSLabs/Rubeus/RubeusCore/Source/timer_component.cpp">
			<Option target="RubeusCore"/>
		</Unit>
		<Unit filename="/home/serious/Desktop/SDSLabs/Rubeus/RubeusCore/Source/vertex_array_object.cpp">
			<Option target="RubeusCore"/>
		</Unit>
		<Unit filename="/home/serious/Desktop/SDSLabs/Rubeus/RubeusCore/Source/window_component.cpp">
			<Option target="RubeusCore"/>
		</Unit>
		<Unit filename="/home/serious/Desktop/SDSLabs/Rubeus/CMakeLists.txt">
			<Option virtualFolder="CMake Files\"/>
		</Unit>
		<Unit filename="/home/serious/Desktop/SDSLabs/Rubeus/RubeusCore/CMakeLists.txt">
			<Option virtualFolder="CMake Files\RubeusCore\"/>
		</Unit>
		<Unit filename="/home/serious/Desktop/SDSLabs/Rubeus/RubeusCore/config.h.in">
			<Option virtualFolder="CMake Files\RubeusCore\"/>
		</Unit>
	</Project>
</CodeBlocks_project_file>
