<?xml version="1.0" encoding="utf-8"?>
<Project ToolsVersion="15.0" xmlns="http://schemas.microsoft.com/developer/msbuild/2003">
  <ItemGroup>
    <CustomBuild Include="C:\Users\Nikita\Source\Repos\Rubeus\CMakeFiles\bc3f7a75a0b2e9a6f4f13f2e87bedade\generate.stamp.rule">
      <Filter>CMake Rules</Filter>
    </CustomBuild>
  </ItemGroup>
  <ItemGroup>
    <Filter Include="CMake Rules">
      <UniqueIdentifier>{A1C69403-0548-3F50-ADDA-D0A4B7425BEA}</UniqueIdentifier>
    </Filter>
  </ItemGroup>
</Project>
