<?xml version="1.0" encoding="utf-8"?>
<Project ToolsVersion="15.0" xmlns="http://schemas.microsoft.com/developer/msbuild/2003">
  <ItemGroup>
    <CustomBuild Include="D:\CPP Projects\Rubeus Project\Rubeus\CMakeFiles\952637642380fe017b1408dec5899bfa\generate.stamp.rule">
      <Filter>CMake Rules</Filter>
    </CustomBuild>
  </ItemGroup>
  <ItemGroup>
    <Filter Include="CMake Rules">
      <UniqueIdentifier>{B5C148B2-92B4-3BE1-8052-7753D5A8B9A1}</UniqueIdentifier>
    </Filter>
  </ItemGroup>
</Project>
