<?xml version="1.0" encoding="utf-8"?>
<Project ToolsVersion="15.0" xmlns="http://schemas.microsoft.com/developer/msbuild/2003">
  <ItemGroup>
    <ClCompile Include="D:\Rubeus\RubeusCore\ProjectManager\ProjectManager.cpp">
      <Filter>Source Files</Filter>
    </ClCompile>
  </ItemGroup>
  <ItemGroup>
    <ClInclude Include="D:\Rubeus\RubeusCore\ProjectManager\ProjectManager.h">
      <Filter>Header Files</Filter>
    </ClInclude>
    <ClInclude Include="D:\Rubeus\vendor\include\GL\eglew.h">
      <Filter>Header Files</Filter>
    </ClInclude>
    <ClInclude Include="D:\Rubeus\vendor\include\GL\glew.h">
      <Filter>Header Files</Filter>
    </ClInclude>
    <ClInclude Include="D:\Rubeus\vendor\include\GL\glxew.h">
      <Filter>Header Files</Filter>
    </ClInclude>
    <ClInclude Include="D:\Rubeus\vendor\include\GL\wglew.h">
      <Filter>Header Files</Filter>
    </ClInclude>
    <ClInclude Include="D:\Rubeus\vendor\include\GLFW\glfw3.h">
      <Filter>Header Files</Filter>
    </ClInclude>
    <ClInclude Include="D:\Rubeus\vendor\include\GLFW\glfw3native.h">
      <Filter>Header Files</Filter>
    </ClInclude>
    <ClInclude Include="D:\Rubeus\vendor\include\IL\config.h">
      <Filter>Header Files</Filter>
    </ClInclude>
    <ClInclude Include="D:\Rubeus\vendor\include\IL\devil_internal_exports.h">
      <Filter>Header Files</Filter>
    </ClInclude>
    <ClInclude Include="D:\Rubeus\vendor\include\IL\il.h">
      <Filter>Header Files</Filter>
    </ClInclude>
    <ClInclude Include="D:\Rubeus\vendor\include\IL\il_wrap.h">
      <Filter>Header Files</Filter>
    </ClInclude>
    <ClInclude Include="D:\Rubeus\vendor\include\IL\ilu.h">
      <Filter>Header Files</Filter>
    </ClInclude>
    <ClInclude Include="D:\Rubeus\vendor\include\IL\ilu_region.h">
      <Filter>Header Files</Filter>
    </ClInclude>
    <ClInclude Include="D:\Rubeus\vendor\include\IL\ilut.h">
      <Filter>Header Files</Filter>
    </ClInclude>
    <ClInclude Include="D:\Rubeus\vendor\include\IL\ilut_config.h">
      <Filter>Header Files</Filter>
    </ClInclude>
    <ClInclude Include="D:\Rubeus\vendor\include\IL\devil_cpp_wrapper.hpp">
      <Filter>Header Files</Filter>
    </ClInclude>
    <ClInclude Include="D:\Rubeus\vendor\include\SFML\Audio.hpp">
      <Filter>Header Files</Filter>
    </ClInclude>
    <ClInclude Include="D:\Rubeus\vendor\include\SFML\Audio\AlResource.hpp">
      <Filter>Header Files</Filter>
    </ClInclude>
    <ClInclude Include="D:\Rubeus\vendor\include\SFML\Audio\Export.hpp">
      <Filter>Header Files</Filter>
    </ClInclude>
    <ClInclude Include="D:\Rubeus\vendor\include\SFML\Audio\InputSoundFile.hpp">
      <Filter>Header Files</Filter>
    </ClInclude>
    <ClInclude Include="D:\Rubeus\vendor\include\SFML\Audio\Listener.hpp">
      <Filter>Header Files</Filter>
    </ClInclude>
    <ClInclude Include="D:\Rubeus\vendor\include\SFML\Audio\Music.hpp">
      <Filter>Header Files</Filter>
    </ClInclude>
    <ClInclude Include="D:\Rubeus\vendor\include\SFML\Audio\OutputSoundFile.hpp">
      <Filter>Header Files</Filter>
    </ClInclude>
    <ClInclude Include="D:\Rubeus\vendor\include\SFML\Audio\Sound.hpp">
      <Filter>Header Files</Filter>
    </ClInclude>
    <ClInclude Include="D:\Rubeus\vendor\include\SFML\Audio\SoundBuffer.hpp">
      <Filter>Header Files</Filter>
    </ClInclude>
    <ClInclude Include="D:\Rubeus\vendor\include\SFML\Audio\SoundBufferRecorder.hpp">
      <Filter>Header Files</Filter>
    </ClInclude>
    <ClInclude Include="D:\Rubeus\vendor\include\SFML\Audio\SoundFileFactory.hpp">
      <Filter>Header Files</Filter>
    </ClInclude>
    <ClInclude Include="D:\Rubeus\vendor\include\SFML\Audio\SoundFileReader.hpp">
      <Filter>Header Files</Filter>
    </ClInclude>
    <ClInclude Include="D:\Rubeus\vendor\include\SFML\Audio\SoundFileWriter.hpp">
      <Filter>Header Files</Filter>
    </ClInclude>
    <ClInclude Include="D:\Rubeus\vendor\include\SFML\Audio\SoundRecorder.hpp">
      <Filter>Header Files</Filter>
    </ClInclude>
    <ClInclude Include="D:\Rubeus\vendor\include\SFML\Audio\SoundSource.hpp">
      <Filter>Header Files</Filter>
    </ClInclude>
    <ClInclude Include="D:\Rubeus\vendor\include\SFML\Audio\SoundStream.hpp">
      <Filter>Header Files</Filter>
    </ClInclude>
    <ClInclude Include="D:\Rubeus\vendor\include\SFML\Config.hpp">
      <Filter>Header Files</Filter>
    </ClInclude>
    <ClInclude Include="D:\Rubeus\vendor\include\SFML\System.hpp">
      <Filter>Header Files</Filter>
    </ClInclude>
    <ClInclude Include="D:\Rubeus\vendor\include\SFML\System\Clock.hpp">
      <Filter>Header Files</Filter>
    </ClInclude>
    <ClInclude Include="D:\Rubeus\vendor\include\SFML\System\Err.hpp">
      <Filter>Header Files</Filter>
    </ClInclude>
    <ClInclude Include="D:\Rubeus\vendor\include\SFML\System\Export.hpp">
      <Filter>Header Files</Filter>
    </ClInclude>
    <ClInclude Include="D:\Rubeus\vendor\include\SFML\System\FileInputStream.hpp">
      <Filter>Header Files</Filter>
    </ClInclude>
    <ClInclude Include="D:\Rubeus\vendor\include\SFML\System\InputStream.hpp">
      <Filter>Header Files</Filter>
    </ClInclude>
    <ClInclude Include="D:\Rubeus\vendor\include\SFML\System\Lock.hpp">
      <Filter>Header Files</Filter>
    </ClInclude>
    <ClInclude Include="D:\Rubeus\vendor\include\SFML\System\MemoryInputStream.hpp">
      <Filter>Header Files</Filter>
    </ClInclude>
    <ClInclude Include="D:\Rubeus\vendor\include\SFML\System\Mutex.hpp">
      <Filter>Header Files</Filter>
    </ClInclude>
    <ClInclude Include="D:\Rubeus\vendor\include\SFML\System\NativeActivity.hpp">
      <Filter>Header Files</Filter>
    </ClInclude>
    <ClInclude Include="D:\Rubeus\vendor\include\SFML\System\NonCopyable.hpp">
      <Filter>Header Files</Filter>
    </ClInclude>
    <ClInclude Include="D:\Rubeus\vendor\include\SFML\System\Sleep.hpp">
      <Filter>Header Files</Filter>
    </ClInclude>
    <ClInclude Include="D:\Rubeus\vendor\include\SFML\System\String.hpp">
      <Filter>Header Files</Filter>
    </ClInclude>
    <ClInclude Include="D:\Rubeus\vendor\include\SFML\System\Thread.hpp">
      <Filter>Header Files</Filter>
    </ClInclude>
    <ClInclude Include="D:\Rubeus\vendor\include\SFML\System\ThreadLocal.hpp">
      <Filter>Header Files</Filter>
    </ClInclude>
    <ClInclude Include="D:\Rubeus\vendor\include\SFML\System\ThreadLocalPtr.hpp">
      <Filter>Header Files</Filter>
    </ClInclude>
    <ClInclude Include="D:\Rubeus\vendor\include\SFML\System\Time.hpp">
      <Filter>Header Files</Filter>
    </ClInclude>
    <ClInclude Include="D:\Rubeus\vendor\include\SFML\System\Utf.hpp">
      <Filter>Header Files</Filter>
    </ClInclude>
    <ClInclude Include="D:\Rubeus\vendor\include\SFML\System\Vector2.hpp">
      <Filter>Header Files</Filter>
    </ClInclude>
    <ClInclude Include="D:\Rubeus\vendor\include\SFML\System\Vector3.hpp">
      <Filter>Header Files</Filter>
    </ClInclude>
  </ItemGroup>
  <ItemGroup>
    <CustomBuild Include="D:\Rubeus\RubeusCore\CMakeLists.txt" />
  </ItemGroup>
  <ItemGroup>
    <Filter Include="Header Files">
      <UniqueIdentifier>{2E1A23D5-F47A-3D2C-926C-7087F634B53E}</UniqueIdentifier>
    </Filter>
    <Filter Include="Source Files">
      <UniqueIdentifier>{02633C0E-C854-33B0-8CD6-2EAB91B7EE29}</UniqueIdentifier>
    </Filter>
  </ItemGroup>
</Project>
