<?xml version="1.0" encoding="utf-8"?>
<Project ToolsVersion="15.0" xmlns="http://schemas.microsoft.com/developer/msbuild/2003">
  <ItemGroup>
    <ClCompile Include="D:\Rubeus\RubeusCore\Source\Architecture\engine.cpp">
      <Filter>Source Files</Filter>
    </ClCompile>
    <ClCompile Include="D:\Rubeus\RubeusCore\Source\Architecture\entity_object.cpp">
      <Filter>Source Files</Filter>
    </ClCompile>
    <ClCompile Include="D:\Rubeus\RubeusCore\Source\Architecture\game.cpp">
      <Filter>Source Files</Filter>
    </ClCompile>
    <ClCompile Include="D:\Rubeus\RubeusCore\Source\Architecture\game_object.cpp">
      <Filter>Source Files</Filter>
    </ClCompile>
    <ClCompile Include="D:\Rubeus\RubeusCore\Source\Architecture\level.cpp">
      <Filter>Source Files</Filter>
    </ClCompile>
    <ClCompile Include="D:\Rubeus\RubeusCore\Source\Architecture\master_component.cpp">
      <Filter>Source Files</Filter>
    </ClCompile>
    <ClCompile Include="D:\Rubeus\RubeusCore\Source\Architecture\world.cpp">
      <Filter>Source Files</Filter>
    </ClCompile>
    <ClCompile Include="D:\Rubeus\RubeusCore\Source\AudioComponents\audio_manager_component.cpp">
      <Filter>Source Files</Filter>
    </ClCompile>
    <ClCompile Include="D:\Rubeus\RubeusCore\Source\Awerere\awerere_box_collider_object.cpp">
      <Filter>Source Files</Filter>
    </ClCompile>
    <ClCompile Include="D:\Rubeus\RubeusCore\Source\Awerere\awerere_collide_data_object.cpp">
      <Filter>Source Files</Filter>
    </ClCompile>
    <ClCompile Include="D:\Rubeus\RubeusCore\Source\Awerere\awerere_collider_object.cpp">
      <Filter>Source Files</Filter>
    </ClCompile>
    <ClCompile Include="D:\Rubeus\RubeusCore\Source\Awerere\awerere_collision_engine.cpp">
      <Filter>Source Files</Filter>
    </ClCompile>
    <ClCompile Include="D:\Rubeus\RubeusCore\Source\Awerere\awerere_collision_grid.cpp">
      <Filter>Source Files</Filter>
    </ClCompile>
    <ClCompile Include="D:\Rubeus\RubeusCore\Source\Awerere\awerere_flag.cpp">
      <Filter>Source Files</Filter>
    </ClCompile>
    <ClCompile Include="D:\Rubeus\RubeusCore\Source\Awerere\awerere_hit_event_list.cpp">
      <Filter>Source Files</Filter>
    </ClCompile>
    <ClCompile Include="D:\Rubeus\RubeusCore\Source\Awerere\awerere_physics_engine.cpp">
      <Filter>Source Files</Filter>
    </ClCompile>
    <ClCompile Include="D:\Rubeus\RubeusCore\Source\Awerere\awerere_physics_material.cpp">
      <Filter>Source Files</Filter>
    </ClCompile>
    <ClCompile Include="D:\Rubeus\RubeusCore\Source\Awerere\awerere_physics_object.cpp">
      <Filter>Source Files</Filter>
    </ClCompile>
    <ClCompile Include="D:\Rubeus\RubeusCore\Source\Awerere\awerere_plane_collider_object.cpp">
      <Filter>Source Files</Filter>
    </ClCompile>
    <ClCompile Include="D:\Rubeus\RubeusCore\Source\Awerere\awerere_sphere_collider_object.cpp">
      <Filter>Source Files</Filter>
    </ClCompile>
    <ClCompile Include="D:\Rubeus\RubeusCore\Source\GraphicComponents\buffer_object.cpp">
      <Filter>Source Files</Filter>
    </ClCompile>
    <ClCompile Include="D:\Rubeus\RubeusCore\Source\GraphicComponents\game_scene.cpp">
      <Filter>Source Files</Filter>
    </ClCompile>
    <ClCompile Include="D:\Rubeus\RubeusCore\Source\GraphicComponents\guerrilla_renderer_component.cpp">
      <Filter>Source Files</Filter>
    </ClCompile>
    <ClCompile Include="D:\Rubeus\RubeusCore\Source\GraphicComponents\image_object.cpp">
      <Filter>Source Files</Filter>
    </ClCompile>
    <ClCompile Include="D:\Rubeus\RubeusCore\Source\GraphicComponents\index_buffer_object.cpp">
      <Filter>Source Files</Filter>
    </ClCompile>
    <ClCompile Include="D:\Rubeus\RubeusCore\Source\GraphicComponents\main_layer.cpp">
      <Filter>Source Files</Filter>
    </ClCompile>
    <ClCompile Include="D:\Rubeus\RubeusCore\Source\GraphicComponents\renderable_object.cpp">
      <Filter>Source Files</Filter>
    </ClCompile>
    <ClCompile Include="D:\Rubeus\RubeusCore\Source\GraphicComponents\shader_component.cpp">
      <Filter>Source Files</Filter>
    </ClCompile>
    <ClCompile Include="D:\Rubeus\RubeusCore\Source\GraphicComponents\simple_renderer_component.cpp">
      <Filter>Source Files</Filter>
    </ClCompile>
    <ClCompile Include="D:\Rubeus\RubeusCore\Source\GraphicComponents\sprite_object.cpp">
      <Filter>Source Files</Filter>
    </ClCompile>
    <ClCompile Include="D:\Rubeus\RubeusCore\Source\GraphicComponents\static_sprite_object.cpp">
      <Filter>Source Files</Filter>
    </ClCompile>
    <ClCompile Include="D:\Rubeus\RubeusCore\Source\GraphicComponents\texture_object.cpp">
      <Filter>Source Files</Filter>
    </ClCompile>
    <ClCompile Include="D:\Rubeus\RubeusCore\Source\GraphicComponents\vertex_array_object.cpp">
      <Filter>Source Files</Filter>
    </ClCompile>
    <ClCompile Include="D:\Rubeus\RubeusCore\Source\GraphicComponents\window_component.cpp">
      <Filter>Source Files</Filter>
    </ClCompile>
    <ClCompile Include="D:\Rubeus\RubeusCore\Source\InputManager\input_manager.cpp">
      <Filter>Source Files</Filter>
    </ClCompile>
    <ClCompile Include="D:\Rubeus\RubeusCore\Source\MessageSystem\message_bus.cpp">
      <Filter>Source Files</Filter>
    </ClCompile>
    <ClCompile Include="D:\Rubeus\RubeusCore\Source\MessageSystem\message_object.cpp">
      <Filter>Source Files</Filter>
    </ClCompile>
    <ClCompile Include="D:\Rubeus\RubeusCore\Source\MessageSystem\message_system.cpp">
      <Filter>Source Files</Filter>
    </ClCompile>
    <ClCompile Include="D:\Rubeus\RubeusCore\Source\ProjectManager\project_manager.cpp">
      <Filter>Source Files</Filter>
    </ClCompile>
    <ClCompile Include="D:\Rubeus\RubeusCore\Source\RML\rubeus_maths_library.cpp">
      <Filter>Source Files</Filter>
    </ClCompile>
    <ClCompile Include="D:\Rubeus\RubeusCore\Source\UtilityComponents\loader_component.cpp">
      <Filter>Source Files</Filter>
    </ClCompile>
    <ClCompile Include="D:\Rubeus\RubeusCore\Source\UtilityComponents\logger_component.cpp">
      <Filter>Source Files</Filter>
    </ClCompile>
    <ClCompile Include="D:\Rubeus\RubeusCore\Source\UtilityComponents\timer_component.cpp">
      <Filter>Source Files</Filter>
    </ClCompile>
    <ClCompile Include="D:\Rubeus\RubeusCore\Game\ping_pong\engine_files\level.play_level.cpp">
      <Filter>Source Files</Filter>
    </ClCompile>
    <ClCompile Include="D:\Rubeus\RubeusCore\Game\ping_pong\engine_files\object.ball.cpp">
      <Filter>Source Files</Filter>
    </ClCompile>
    <ClCompile Include="D:\Rubeus\RubeusCore\Game\ping_pong\engine_files\object.paddle.cpp">
      <Filter>Source Files</Filter>
    </ClCompile>
    <ClCompile Include="D:\Rubeus\RubeusCore\Game\user_init.cpp">
      <Filter>Source Files</Filter>
    </ClCompile>
  </ItemGroup>
  <ItemGroup>
    <ClInclude Include="D:\Rubeus\RubeusCore\Source\Architecture\engine.h">
      <Filter>Header Files</Filter>
    </ClInclude>
    <ClInclude Include="D:\Rubeus\RubeusCore\Source\Architecture\entity_object.h">
      <Filter>Header Files</Filter>
    </ClInclude>
    <ClInclude Include="D:\Rubeus\RubeusCore\Source\Architecture\game.h">
      <Filter>Header Files</Filter>
    </ClInclude>
    <ClInclude Include="D:\Rubeus\RubeusCore\Source\Architecture\game_object.h">
      <Filter>Header Files</Filter>
    </ClInclude>
    <ClInclude Include="D:\Rubeus\RubeusCore\Source\Architecture\level.h">
      <Filter>Header Files</Filter>
    </ClInclude>
    <ClInclude Include="D:\Rubeus\RubeusCore\Source\Architecture\master_component.h">
      <Filter>Header Files</Filter>
    </ClInclude>
    <ClInclude Include="D:\Rubeus\RubeusCore\Source\Architecture\world.h">
      <Filter>Header Files</Filter>
    </ClInclude>
    <ClInclude Include="D:\Rubeus\RubeusCore\Source\AudioComponents\audio_manager_component.h">
      <Filter>Header Files</Filter>
    </ClInclude>
    <ClInclude Include="D:\Rubeus\RubeusCore\Source\Awerere\awerere_box_collider_object.h">
      <Filter>Header Files</Filter>
    </ClInclude>
    <ClInclude Include="D:\Rubeus\RubeusCore\Source\Awerere\awerere_collide_data_object.h">
      <Filter>Header Files</Filter>
    </ClInclude>
    <ClInclude Include="D:\Rubeus\RubeusCore\Source\Awerere\awerere_collider_object.h">
      <Filter>Header Files</Filter>
    </ClInclude>
    <ClInclude Include="D:\Rubeus\RubeusCore\Source\Awerere\awerere_collision_engine.h">
      <Filter>Header Files</Filter>
    </ClInclude>
    <ClInclude Include="D:\Rubeus\RubeusCore\Source\Awerere\awerere_collision_grid.h">
      <Filter>Header Files</Filter>
    </ClInclude>
    <ClInclude Include="D:\Rubeus\RubeusCore\Source\Awerere\awerere_flag.h">
      <Filter>Header Files</Filter>
    </ClInclude>
    <ClInclude Include="D:\Rubeus\RubeusCore\Source\Awerere\awerere_hit_event_list.h">
      <Filter>Header Files</Filter>
    </ClInclude>
    <ClInclude Include="D:\Rubeus\RubeusCore\Source\Awerere\awerere_physics_engine.h">
      <Filter>Header Files</Filter>
    </ClInclude>
    <ClInclude Include="D:\Rubeus\RubeusCore\Source\Awerere\awerere_physics_material.h">
      <Filter>Header Files</Filter>
    </ClInclude>
    <ClInclude Include="D:\Rubeus\RubeusCore\Source\Awerere\awerere_physics_object.h">
      <Filter>Header Files</Filter>
    </ClInclude>
    <ClInclude Include="D:\Rubeus\RubeusCore\Source\Awerere\awerere_plane_collider_object.h">
      <Filter>Header Files</Filter>
    </ClInclude>
    <ClInclude Include="D:\Rubeus\RubeusCore\Source\Awerere\awerere_sphere_collider_object.h">
      <Filter>Header Files</Filter>
    </ClInclude>
    <ClInclude Include="D:\Rubeus\RubeusCore\Source\GraphicComponents\buffer_object.h">
      <Filter>Header Files</Filter>
    </ClInclude>
    <ClInclude Include="D:\Rubeus\RubeusCore\Source\GraphicComponents\game_scene.h">
      <Filter>Header Files</Filter>
    </ClInclude>
    <ClInclude Include="D:\Rubeus\RubeusCore\Source\GraphicComponents\guerrilla_renderer_component.h">
      <Filter>Header Files</Filter>
    </ClInclude>
    <ClInclude Include="D:\Rubeus\RubeusCore\Source\GraphicComponents\image_object.h">
      <Filter>Header Files</Filter>
    </ClInclude>
    <ClInclude Include="D:\Rubeus\RubeusCore\Source\GraphicComponents\index_buffer_object.h">
      <Filter>Header Files</Filter>
    </ClInclude>
    <ClInclude Include="D:\Rubeus\RubeusCore\Source\GraphicComponents\layer_object.h">
      <Filter>Header Files</Filter>
    </ClInclude>
    <ClInclude Include="D:\Rubeus\RubeusCore\Source\GraphicComponents\main_layer.h">
      <Filter>Header Files</Filter>
    </ClInclude>
    <ClInclude Include="D:\Rubeus\RubeusCore\Source\GraphicComponents\nvidia_enable.h">
      <Filter>Header Files</Filter>
    </ClInclude>
    <ClInclude Include="D:\Rubeus\RubeusCore\Source\GraphicComponents\renderable_object.h">
      <Filter>Header Files</Filter>
    </ClInclude>
    <ClInclude Include="D:\Rubeus\RubeusCore\Source\GraphicComponents\renderer_component.h">
      <Filter>Header Files</Filter>
    </ClInclude>
    <ClInclude Include="D:\Rubeus\RubeusCore\Source\GraphicComponents\shader_component.h">
      <Filter>Header Files</Filter>
    </ClInclude>
    <ClInclude Include="D:\Rubeus\RubeusCore\Source\GraphicComponents\simple_renderer_component.h">
      <Filter>Header Files</Filter>
    </ClInclude>
    <ClInclude Include="D:\Rubeus\RubeusCore\Source\GraphicComponents\sprite_object.h">
      <Filter>Header Files</Filter>
    </ClInclude>
    <ClInclude Include="D:\Rubeus\RubeusCore\Source\GraphicComponents\static_sprite_object.h">
      <Filter>Header Files</Filter>
    </ClInclude>
    <ClInclude Include="D:\Rubeus\RubeusCore\Source\GraphicComponents\texture_object.h">
      <Filter>Header Files</Filter>
    </ClInclude>
    <ClInclude Include="D:\Rubeus\RubeusCore\Source\GraphicComponents\vertex_array_object.h">
      <Filter>Header Files</Filter>
    </ClInclude>
    <ClInclude Include="D:\Rubeus\RubeusCore\Source\GraphicComponents\window_component.h">
      <Filter>Header Files</Filter>
    </ClInclude>
    <ClInclude Include="D:\Rubeus\RubeusCore\Source\InputManager\input_manager.h">
      <Filter>Header Files</Filter>
    </ClInclude>
    <ClInclude Include="D:\Rubeus\RubeusCore\Source\InputManager\keys.h">
      <Filter>Header Files</Filter>
    </ClInclude>
    <ClInclude Include="D:\Rubeus\RubeusCore\Source\MessageSystem\message_bus.h">
      <Filter>Header Files</Filter>
    </ClInclude>
    <ClInclude Include="D:\Rubeus\RubeusCore\Source\MessageSystem\message_codes.h">
      <Filter>Header Files</Filter>
    </ClInclude>
    <ClInclude Include="D:\Rubeus\RubeusCore\Source\MessageSystem\message_object.h">
      <Filter>Header Files</Filter>
    </ClInclude>
    <ClInclude Include="D:\Rubeus\RubeusCore\Source\MessageSystem\message_system.h">
      <Filter>Header Files</Filter>
    </ClInclude>
    <ClInclude Include="D:\Rubeus\RubeusCore\Source\ProjectManager\project_manager.h">
      <Filter>Header Files</Filter>
    </ClInclude>
    <ClInclude Include="D:\Rubeus\RubeusCore\Source\RML\rubeus_maths_library.h">
      <Filter>Header Files</Filter>
    </ClInclude>
    <ClInclude Include="D:\Rubeus\RubeusCore\Source\UtilityComponents\loader_component.h">
      <Filter>Header Files</Filter>
    </ClInclude>
    <ClInclude Include="D:\Rubeus\RubeusCore\Source\UtilityComponents\logger_component.h">
      <Filter>Header Files</Filter>
    </ClInclude>
    <ClInclude Include="D:\Rubeus\RubeusCore\Source\UtilityComponents\timer_component.h">
      <Filter>Header Files</Filter>
    </ClInclude>
    <ClInclude Include="D:\Rubeus\vendor\include\GL\eglew.h">
      <Filter>Header Files</Filter>
    </ClInclude>
    <ClInclude Include="D:\Rubeus\vendor\include\GL\glew.h">
      <Filter>Header Files</Filter>
    </ClInclude>
    <ClInclude Include="D:\Rubeus\vendor\include\GL\glxew.h">
      <Filter>Header Files</Filter>
    </ClInclude>
    <ClInclude Include="D:\Rubeus\vendor\include\GL\wglew.h">
      <Filter>Header Files</Filter>
    </ClInclude>
    <ClInclude Include="D:\Rubeus\vendor\include\GLFW\glfw3.h">
      <Filter>Header Files</Filter>
    </ClInclude>
    <ClInclude Include="D:\Rubeus\vendor\include\GLFW\glfw3native.h">
      <Filter>Header Files</Filter>
    </ClInclude>
    <ClInclude Include="D:\Rubeus\vendor\include\IL\config.h">
      <Filter>Header Files</Filter>
    </ClInclude>
    <ClInclude Include="D:\Rubeus\vendor\include\IL\devil_internal_exports.h">
      <Filter>Header Files</Filter>
    </ClInclude>
    <ClInclude Include="D:\Rubeus\vendor\include\IL\il.h">
      <Filter>Header Files</Filter>
    </ClInclude>
    <ClInclude Include="D:\Rubeus\vendor\include\IL\il_wrap.h">
      <Filter>Header Files</Filter>
    </ClInclude>
    <ClInclude Include="D:\Rubeus\vendor\include\IL\ilu.h">
      <Filter>Header Files</Filter>
    </ClInclude>
    <ClInclude Include="D:\Rubeus\vendor\include\IL\ilu_region.h">
      <Filter>Header Files</Filter>
    </ClInclude>
    <ClInclude Include="D:\Rubeus\vendor\include\IL\ilut.h">
      <Filter>Header Files</Filter>
    </ClInclude>
    <ClInclude Include="D:\Rubeus\vendor\include\IL\ilut_config.h">
      <Filter>Header Files</Filter>
    </ClInclude>
    <ClInclude Include="D:\Rubeus\vendor\include\IL\devil_cpp_wrapper.hpp">
      <Filter>Header Files</Filter>
    </ClInclude>
    <ClInclude Include="D:\Rubeus\vendor\include\SFML\Audio.hpp">
      <Filter>Header Files</Filter>
    </ClInclude>
    <ClInclude Include="D:\Rubeus\vendor\include\SFML\Audio\AlResource.hpp">
      <Filter>Header Files</Filter>
    </ClInclude>
    <ClInclude Include="D:\Rubeus\vendor\include\SFML\Audio\Export.hpp">
      <Filter>Header Files</Filter>
    </ClInclude>
    <ClInclude Include="D:\Rubeus\vendor\include\SFML\Audio\InputSoundFile.hpp">
      <Filter>Header Files</Filter>
    </ClInclude>
    <ClInclude Include="D:\Rubeus\vendor\include\SFML\Audio\Listener.hpp">
      <Filter>Header Files</Filter>
    </ClInclude>
    <ClInclude Include="D:\Rubeus\vendor\include\SFML\Audio\Music.hpp">
      <Filter>Header Files</Filter>
    </ClInclude>
    <ClInclude Include="D:\Rubeus\vendor\include\SFML\Audio\OutputSoundFile.hpp">
      <Filter>Header Files</Filter>
    </ClInclude>
    <ClInclude Include="D:\Rubeus\vendor\include\SFML\Audio\Sound.hpp">
      <Filter>Header Files</Filter>
    </ClInclude>
    <ClInclude Include="D:\Rubeus\vendor\include\SFML\Audio\SoundBuffer.hpp">
      <Filter>Header Files</Filter>
    </ClInclude>
    <ClInclude Include="D:\Rubeus\vendor\include\SFML\Audio\SoundBufferRecorder.hpp">
      <Filter>Header Files</Filter>
    </ClInclude>
    <ClInclude Include="D:\Rubeus\vendor\include\SFML\Audio\SoundFileFactory.hpp">
      <Filter>Header Files</Filter>
    </ClInclude>
    <ClInclude Include="D:\Rubeus\vendor\include\SFML\Audio\SoundFileReader.hpp">
      <Filter>Header Files</Filter>
    </ClInclude>
    <ClInclude Include="D:\Rubeus\vendor\include\SFML\Audio\SoundFileWriter.hpp">
      <Filter>Header Files</Filter>
    </ClInclude>
    <ClInclude Include="D:\Rubeus\vendor\include\SFML\Audio\SoundRecorder.hpp">
      <Filter>Header Files</Filter>
    </ClInclude>
    <ClInclude Include="D:\Rubeus\vendor\include\SFML\Audio\SoundSource.hpp">
      <Filter>Header Files</Filter>
    </ClInclude>
    <ClInclude Include="D:\Rubeus\vendor\include\SFML\Audio\SoundStream.hpp">
      <Filter>Header Files</Filter>
    </ClInclude>
    <ClInclude Include="D:\Rubeus\vendor\include\SFML\Config.hpp">
      <Filter>Header Files</Filter>
    </ClInclude>
    <ClInclude Include="D:\Rubeus\vendor\include\SFML\System.hpp">
      <Filter>Header Files</Filter>
    </ClInclude>
    <ClInclude Include="D:\Rubeus\vendor\include\SFML\System\Clock.hpp">
      <Filter>Header Files</Filter>
    </ClInclude>
    <ClInclude Include="D:\Rubeus\vendor\include\SFML\System\Err.hpp">
      <Filter>Header Files</Filter>
    </ClInclude>
    <ClInclude Include="D:\Rubeus\vendor\include\SFML\System\Export.hpp">
      <Filter>Header Files</Filter>
    </ClInclude>
    <ClInclude Include="D:\Rubeus\vendor\include\SFML\System\FileInputStream.hpp">
      <Filter>Header Files</Filter>
    </ClInclude>
    <ClInclude Include="D:\Rubeus\vendor\include\SFML\System\InputStream.hpp">
      <Filter>Header Files</Filter>
    </ClInclude>
    <ClInclude Include="D:\Rubeus\vendor\include\SFML\System\Lock.hpp">
      <Filter>Header Files</Filter>
    </ClInclude>
    <ClInclude Include="D:\Rubeus\vendor\include\SFML\System\MemoryInputStream.hpp">
      <Filter>Header Files</Filter>
    </ClInclude>
    <ClInclude Include="D:\Rubeus\vendor\include\SFML\System\Mutex.hpp">
      <Filter>Header Files</Filter>
    </ClInclude>
    <ClInclude Include="D:\Rubeus\vendor\include\SFML\System\NativeActivity.hpp">
      <Filter>Header Files</Filter>
    </ClInclude>
    <ClInclude Include="D:\Rubeus\vendor\include\SFML\System\NonCopyable.hpp">
      <Filter>Header Files</Filter>
    </ClInclude>
    <ClInclude Include="D:\Rubeus\vendor\include\SFML\System\Sleep.hpp">
      <Filter>Header Files</Filter>
    </ClInclude>
    <ClInclude Include="D:\Rubeus\vendor\include\SFML\System\String.hpp">
      <Filter>Header Files</Filter>
    </ClInclude>
    <ClInclude Include="D:\Rubeus\vendor\include\SFML\System\Thread.hpp">
      <Filter>Header Files</Filter>
    </ClInclude>
    <ClInclude Include="D:\Rubeus\vendor\include\SFML\System\ThreadLocal.hpp">
      <Filter>Header Files</Filter>
    </ClInclude>
    <ClInclude Include="D:\Rubeus\vendor\include\SFML\System\ThreadLocalPtr.hpp">
      <Filter>Header Files</Filter>
    </ClInclude>
    <ClInclude Include="D:\Rubeus\vendor\include\SFML\System\Time.hpp">
      <Filter>Header Files</Filter>
    </ClInclude>
    <ClInclude Include="D:\Rubeus\vendor\include\SFML\System\Utf.hpp">
      <Filter>Header Files</Filter>
    </ClInclude>
    <ClInclude Include="D:\Rubeus\vendor\include\SFML\System\Vector2.hpp">
      <Filter>Header Files</Filter>
    </ClInclude>
    <ClInclude Include="D:\Rubeus\vendor\include\SFML\System\Vector3.hpp">
      <Filter>Header Files</Filter>
    </ClInclude>
  </ItemGroup>
  <ItemGroup>
    <CustomBuild Include="D:\Rubeus\RubeusCore\CMakeLists.txt" />
  </ItemGroup>
  <ItemGroup>
    <Filter Include="Header Files">
      <UniqueIdentifier>{2E1A23D5-F47A-3D2C-926C-7087F634B53E}</UniqueIdentifier>
    </Filter>
    <Filter Include="Source Files">
      <UniqueIdentifier>{02633C0E-C854-33B0-8CD6-2EAB91B7EE29}</UniqueIdentifier>
    </Filter>
  </ItemGroup>
</Project>
