<?xml version="1.0" encoding="utf-8"?>
<Project ToolsVersion="15.0" xmlns="http://schemas.microsoft.com/developer/msbuild/2003">
  <ItemGroup>
    <ClCompile Include="C:\Users\Nikita\Source\Repos\Rubeus\RubeusCore\RubeusCore.cpp">
      <Filter>Source Files</Filter>
    </ClCompile>
    <ClCompile Include="C:\Users\Nikita\Source\Repos\Rubeus\RubeusCore\Source\loader.cpp">
      <Filter>Source Files</Filter>
    </ClCompile>
    <ClCompile Include="C:\Users\Nikita\Source\Repos\Rubeus\RubeusCore\Source\master_component.cpp">
      <Filter>Source Files</Filter>
    </ClCompile>
    <ClCompile Include="C:\Users\Nikita\Source\Repos\Rubeus\RubeusCore\Source\window.cpp">
      <Filter>Source Files</Filter>
    </ClCompile>
    <ClCompile Include="Source\input_component.cpp" />
  </ItemGroup>
  <ItemGroup>
    <ClInclude Include="C:\Users\Nikita\Source\Repos\Rubeus\RubeusCore\RubeusCore.h">
      <Filter>Header Files</Filter>
    </ClInclude>
  </ItemGroup>
  <ItemGroup>
    <CustomBuild Include="C:\Users\Nikita\Source\Repos\Rubeus\RubeusCore\CMakeLists.txt" />
  </ItemGroup>
  <ItemGroup>
    <Filter Include="Header Files">
      <UniqueIdentifier>{8E1A2534-0912-3C50-ABD0-76D8B917F612}</UniqueIdentifier>
    </Filter>
    <Filter Include="Source Files">
      <UniqueIdentifier>{CA3EF08A-095E-3C0C-BD78-0F6DD927CB28}</UniqueIdentifier>
    </Filter>
  </ItemGroup>
</Project>