<?xml version="1.0" encoding="utf-8"?>
<Project ToolsVersion="15.0" xmlns="http://schemas.microsoft.com/developer/msbuild/2003">
  <ItemGroup>
    <ClCompile Include="D:\CPP Projects\Rubeus Project\Rubeus\RubeusCore\RubeusCore.cpp">
      <Filter>Source Files</Filter>
    </ClCompile>
    <ClCompile Include="D:\CPP Projects\Rubeus Project\Rubeus\RubeusCore\Source\buffer.cpp">
      <Filter>Source Files</Filter>
    </ClCompile>
    <ClCompile Include="D:\CPP Projects\Rubeus Project\Rubeus\RubeusCore\Source\index_buffer.cpp">
      <Filter>Source Files</Filter>
    </ClCompile>
    <ClCompile Include="D:\CPP Projects\Rubeus Project\Rubeus\RubeusCore\Source\loader_component.cpp">
      <Filter>Source Files</Filter>
    </ClCompile>
    <ClCompile Include="D:\CPP Projects\Rubeus Project\Rubeus\RubeusCore\Source\logger_component.cpp">
      <Filter>Source Files</Filter>
    </ClCompile>
    <ClCompile Include="D:\CPP Projects\Rubeus Project\Rubeus\RubeusCore\Source\master_component.cpp">
      <Filter>Source Files</Filter>
    </ClCompile>
    <ClCompile Include="D:\CPP Projects\Rubeus Project\Rubeus\RubeusCore\Source\renderable_object.cpp">
      <Filter>Source Files</Filter>
    </ClCompile>
    <ClCompile Include="D:\CPP Projects\Rubeus Project\Rubeus\RubeusCore\Source\shader_component.cpp">
      <Filter>Source Files</Filter>
    </ClCompile>
    <ClCompile Include="D:\CPP Projects\Rubeus Project\Rubeus\RubeusCore\Source\simple_renderer_component.cpp">
      <Filter>Source Files</Filter>
    </ClCompile>
    <ClCompile Include="D:\CPP Projects\Rubeus Project\Rubeus\RubeusCore\Source\vertex_array.cpp">
      <Filter>Source Files</Filter>
    </ClCompile>
    <ClCompile Include="D:\CPP Projects\Rubeus Project\Rubeus\RubeusCore\Source\window_component.cpp">
      <Filter>Source Files</Filter>
    </ClCompile>
  </ItemGroup>
  <ItemGroup>
    <ClInclude Include="D:\CPP Projects\Rubeus Project\Rubeus\RubeusCore\RubeusCore.h">
      <Filter>Header Files</Filter>
    </ClInclude>
  </ItemGroup>
  <ItemGroup>
    <CustomBuild Include="D:\CPP Projects\Rubeus Project\Rubeus\RubeusCore\CMakeLists.txt" />
  </ItemGroup>
  <ItemGroup>
    <Filter Include="Header Files">
      <UniqueIdentifier>{014654EE-4AFF-3C37-B5D7-CB850CBB07A1}</UniqueIdentifier>
    </Filter>
    <Filter Include="Source Files">
      <UniqueIdentifier>{AF93C803-9A2F-31D9-B03F-0479D730A1DC}</UniqueIdentifier>
    </Filter>
  </ItemGroup>
</Project>
