Microsoft Visual Studio Solution File, Format Version 12.00
# Visual Studio 15
Project("{8BC9CEB8-8B4A-11D0-8D11-00A0C91BC942}") = "ALL_BUILD", "ALL_BUILD.vcxproj", "{8BBF1DD2-BD00-367E-AA0C-CD994B2BB590}"
	ProjectSection(ProjectDependencies) = postProject
		{9A8A0322-9132-394E-B652-0DFA686F059C} = {9A8A0322-9132-394E-B652-0DFA686F059C}
		{B432D1CD-82BF-3246-9747-7019436B4CB0} = {B432D1CD-82BF-3246-9747-7019436B4CB0}
	EndProjectSection
EndProject
Project("{8BC9CEB8-8B4A-11D0-8D11-00A0C91BC942}") = "RubeusCore", "RubeusCore\RubeusCore.vcxproj", "{9A8A0322-9132-394E-B652-0DFA686F059C}"
	ProjectSection(ProjectDependencies) = postProject
		{B432D1CD-82BF-3246-9747-7019436B4CB0} = {B432D1CD-82BF-3246-9747-7019436B4CB0}
	EndProjectSection
EndProject
Project("{8BC9CEB8-8B4A-11D0-8D11-00A0C91BC942}") = "ZERO_CHECK", "ZERO_CHECK.vcxproj", "{B432D1CD-82BF-3246-9747-7019436B4CB0}"
	ProjectSection(ProjectDependencies) = postProject
	EndProjectSection
EndProject
Global
	GlobalSection(SolutionConfigurationPlatforms) = preSolution
		Debug|Win32 = Debug|Win32
		Release|Win32 = Release|Win32
		MinSizeRel|Win32 = MinSizeRel|Win32
		RelWithDebInfo|Win32 = RelWithDebInfo|Win32
	EndGlobalSection
	GlobalSection(ProjectConfigurationPlatforms) = postSolution
		{8BBF1DD2-BD00-367E-AA0C-CD994B2BB590}.Debug|Win32.ActiveCfg = Debug|Win32
		{8BBF1DD2-BD00-367E-AA0C-CD994B2BB590}.Release|Win32.ActiveCfg = Release|Win32
		{8BBF1DD2-BD00-367E-AA0C-CD994B2BB590}.MinSizeRel|Win32.ActiveCfg = MinSizeRel|Win32
		{8BBF1DD2-BD00-367E-AA0C-CD994B2BB590}.RelWithDebInfo|Win32.ActiveCfg = RelWithDebInfo|Win32
		{9A8A0322-9132-394E-B652-0DFA686F059C}.Debug|Win32.ActiveCfg = Debug|Win32
		{9A8A0322-9132-394E-B652-0DFA686F059C}.Debug|Win32.Build.0 = Debug|Win32
		{9A8A0322-9132-394E-B652-0DFA686F059C}.Release|Win32.ActiveCfg = Release|Win32
		{9A8A0322-9132-394E-B652-0DFA686F059C}.Release|Win32.Build.0 = Release|Win32
		{9A8A0322-9132-394E-B652-0DFA686F059C}.MinSizeRel|Win32.ActiveCfg = MinSizeRel|Win32
		{9A8A0322-9132-394E-B652-0DFA686F059C}.MinSizeRel|Win32.Build.0 = MinSizeRel|Win32
		{9A8A0322-9132-394E-B652-0DFA686F059C}.RelWithDebInfo|Win32.ActiveCfg = RelWithDebInfo|Win32
		{9A8A0322-9132-394E-B652-0DFA686F059C}.RelWithDebInfo|Win32.Build.0 = RelWithDebInfo|Win32
		{B432D1CD-82BF-3246-9747-7019436B4CB0}.Debug|Win32.ActiveCfg = Debug|Win32
		{B432D1CD-82BF-3246-9747-7019436B4CB0}.Debug|Win32.Build.0 = Debug|Win32
		{B432D1CD-82BF-3246-9747-7019436B4CB0}.Release|Win32.ActiveCfg = Release|Win32
		{B432D1CD-82BF-3246-9747-7019436B4CB0}.Release|Win32.Build.0 = Release|Win32
		{B432D1CD-82BF-3246-9747-7019436B4CB0}.MinSizeRel|Win32.ActiveCfg = MinSizeRel|Win32
		{B432D1CD-82BF-3246-9747-7019436B4CB0}.MinSizeRel|Win32.Build.0 = MinSizeRel|Win32
		{B432D1CD-82BF-3246-9747-7019436B4CB0}.RelWithDebInfo|Win32.ActiveCfg = RelWithDebInfo|Win32
		{B432D1CD-82BF-3246-9747-7019436B4CB0}.RelWithDebInfo|Win32.Build.0 = RelWithDebInfo|Win32
	EndGlobalSection
	GlobalSection(ExtensibilityGlobals) = postSolution
		SolutionGuid = {BEE213FE-9E83-34AB-B460-BB2C53D39F02}
	EndGlobalSection
	GlobalSection(ExtensibilityAddIns) = postSolution
	EndGlobalSection
EndGlobal
