<?xml version="1.0" encoding="utf-8"?>
<Project ToolsVersion="15.0" xmlns="http://schemas.microsoft.com/developer/msbuild/2003">
  <ItemGroup>
    <CustomBuild Include="D:\CPP Projects\Rubeus Project\Rubeus\CMakeMigration\RubeusCore\CMakeFiles\460791b5d2cfce071b6c039f1d352d63\generate.stamp.rule">
      <Filter>CMake Rules</Filter>
    </CustomBuild>
  </ItemGroup>
  <ItemGroup>
    <Filter Include="CMake Rules">
      <UniqueIdentifier>{A27A4EB2-17D6-3C6B-8D3F-A493DDFEED4C}</UniqueIdentifier>
    </Filter>
  </ItemGroup>
</Project>
