<?xml version="1.0" encoding="utf-8"?>
<Project ToolsVersion="4.0" xmlns="http://schemas.microsoft.com/developer/msbuild/2003">
  <ItemGroup>
    <Filter Include="Source Files">
      <UniqueIdentifier>{4FC737F1-C7A5-4376-A066-2A32D752A2FF}</UniqueIdentifier>
      <Extensions>cpp;c;cc;cxx;def;odl;idl;hpj;bat;asm;asmx</Extensions>
    </Filter>
  </ItemGroup>
  <ItemGroup>
    <ClCompile Include="Source\main.cpp">
      <Filter>Source Files</Filter>
    </ClCompile>
    <ClCompile Include="Source\c_Window\window.cpp">
      <Filter>Source Files</Filter>
    </ClCompile>
    <ClCompile Include="Source\c_Master_Component\master.cpp">
      <Filter>Source Files</Filter>
    </ClCompile>
    <ClCompile Include="Source\u_FileIO\loader.cpp">
      <Filter>Source Files</Filter>
    </ClCompile>
    <ClCompile Include="Source\lib_Math\vector2d.cpp">
      <Filter>Source Files</Filter>
    </ClCompile>
    <ClCompile Include="Source\lib_Math\vector3d.cpp">
      <Filter>Source Files</Filter>
    </ClCompile>
    <ClCompile Include="Source\lib_Math\vector4d.cpp">
      <Filter>Source Files</Filter>
    </ClCompile>
    <ClCompile Include="Source\lib_Math\matrix4.cpp">
      <Filter>Source Files</Filter>
    </ClCompile>
  </ItemGroup>
  <ItemGroup>
    <ClInclude Include="Source\c_Window\window.h" />
    <ClInclude Include="Source\c_Logger\logger.h" />
    <ClInclude Include="Source\u_fileIO\loader.h" />
    <ClInclude Include="Source\c_Master_Component\master.h" />
    <ClInclude Include="Source\lib_Math\vector2d.h" />
    <ClInclude Include="Source\lib_Math\vector3d.h" />
    <ClInclude Include="Source\lib_Math\vector4d.h" />
    <ClInclude Include="Source\lib_Math\maths.h" />
    <ClInclude Include="Source\lib_Math\matrix4.h" />
    <ClInclude Include="Source\lib_Math\functions.h" />
  </ItemGroup>
  <ItemGroup>
    <None Include=".editorconfig" />
  </ItemGroup>
</Project>
